
Microsoft Visual Studio Solution File, Format Version 12.00
# Visual Studio 15
VisualStudioVersion = 15.0.28307.645
MinimumVisualStudioVersion = 10.0.40219.1
Project("{888888A0-9F3D-457C-B088-3A5042F75D52}") = "SudokuSolver", "SudokuSolver\SudokuSolver.pyproj", "{67584F7F-D9FD-45B1-8720-8F0C79045B36}"
EndProject
Global
	GlobalSection(SolutionConfigurationPlatforms) = preSolution
		Debug|Any CPU = Debug|Any CPU
		Release|Any CPU = Release|Any CPU
	EndGlobalSection
	GlobalSection(ProjectConfigurationPlatforms) = postSolution
		{67584F7F-D9FD-45B1-8720-8F0C79045B36}.Debug|Any CPU.ActiveCfg = Debug|Any CPU
		{67584F7F-D9FD-45B1-8720-8F0C79045B36}.Release|Any CPU.ActiveCfg = Release|Any CPU
	EndGlobalSection
	GlobalSection(SolutionProperties) = preSolution
		HideSolutionNode = FALSE
	EndGlobalSection
	GlobalSection(ExtensibilityGlobals) = postSolution
		SolutionGuid = {0AEBDD86-3641-4553-8C60-E38A61727254}
	EndGlobalSection
EndGlobal
